<Solution>
  <Project Path="APIGateway/APIGateway.csproj" />
  <Project Path="MauiApp4/MauiApp4.Shared/MauiApp4.Shared.csproj" />
  <Project Path="MauiApp4/MauiApp4.Web/MauiApp4.Web.csproj" />
  <Project Path="MauiApp4/MauiApp4/MauiApp4.csproj">
    <Deploy Solution="Debug|*" />
  </Project>
  <Project Path="ServiceA/ServiceA.csproj" />
  <Project Path="ServiceB/ServiceB.csproj" />
</Solution>
